// !$*UTF8*$!
{
	archiveVersion = 1;
	classes = {
	};
	objectVersion = 56;
	objects = {

/* Begin PBXBuildFile section */
		6D2F5AFF2A20F3A900829B16 /* TimeBar.storyboard in Resources */ = {isa = PBXBuildFile; fileRef = 6D2F5AFE2A20F3A900829B16 /* TimeBar.storyboard */; };
		6D2F5B012A20F3DA00829B16 /* TimeBarViewController.swift in Sources */ = {isa = PBXBuildFile; fileRef = 6D2F5B002A20F3DA00829B16 /* TimeBarViewController.swift */; };
		6D2F5B032A20F45000829B16 /* TimedMultiplayerGame.storyboard in Resources */ = {isa = PBXBuildFile; fileRef = 6D2F5B022A20F45000829B16 /* TimedMultiplayerGame.storyboard */; };
		6D2F5B052A20F87000829B16 /* TimedMultiplayerViewControllerTests.swift in Sources */ = {isa = PBXBuildFile; fileRef = 6D2F5B042A20F87000829B16 /* TimedMultiplayerViewControllerTests.swift */; };
		6D2F5B072A20F8AC00829B16 /* TimedMultiplayerViewController.swift in Sources */ = {isa = PBXBuildFile; fileRef = 6D2F5B062A20F8AC00829B16 /* TimedMultiplayerViewController.swift */; };
		6D2F5B092A20FA8F00829B16 /* TimeBarViewControllerTests.swift in Sources */ = {isa = PBXBuildFile; fileRef = 6D2F5B082A20FA8F00829B16 /* TimeBarViewControllerTests.swift */; };
		6D2F5B0B2A20FC1D00829B16 /* SinglePlayerViewControllerStoryboardConfigurator.swift in Sources */ = {isa = PBXBuildFile; fileRef = 6D2F5B0A2A20FC1D00829B16 /* SinglePlayerViewControllerStoryboardConfigurator.swift */; };
		6D4C844E2A20BC3300C84EA3 /* PlayerScoreViewControllerStoryboardTests.swift in Sources */ = {isa = PBXBuildFile; fileRef = 6D4C844D2A20BC3200C84EA3 /* PlayerScoreViewControllerStoryboardTests.swift */; };
		6D4C84502A20D14100C84EA3 /* MultiplayerScore.storyboard in Resources */ = {isa = PBXBuildFile; fileRef = 6D4C844F2A20D14100C84EA3 /* MultiplayerScore.storyboard */; };
		6D65ADFF2A20AE4700B64D8F /* MultiplayerViewController.swift in Sources */ = {isa = PBXBuildFile; fileRef = 6D65ADFE2A20AE4700B64D8F /* MultiplayerViewController.swift */; };
		6D65AE012A20AEB500B64D8F /* MultiplayerViewControllerTests.swift in Sources */ = {isa = PBXBuildFile; fileRef = 6D65AE002A20AEB500B64D8F /* MultiplayerViewControllerTests.swift */; };
		6D65AE032A20AF0400B64D8F /* MultiplayerGame.storyboard in Resources */ = {isa = PBXBuildFile; fileRef = 6D65AE022A20AF0400B64D8F /* MultiplayerGame.storyboard */; };
		6D65AE062A20B29400B64D8F /* PlayerOne.storyboard in Resources */ = {isa = PBXBuildFile; fileRef = 6D65AE052A20B29400B64D8F /* PlayerOne.storyboard */; };
		6D65AE082A20B35B00B64D8F /* PlayerTwo.storyboard in Resources */ = {isa = PBXBuildFile; fileRef = 6D65AE072A20B35B00B64D8F /* PlayerTwo.storyboard */; };
		6D65AE0A2A20B39200B64D8F /* PlayerScoreViewController.swift in Sources */ = {isa = PBXBuildFile; fileRef = 6D65AE092A20B39200B64D8F /* PlayerScoreViewController.swift */; };
		6D65AE0C2A20B47C00B64D8F /* SingleplayerGame.storyboard in Resources */ = {isa = PBXBuildFile; fileRef = 6D65AE0B2A20B47C00B64D8F /* SingleplayerGame.storyboard */; };
		6DC0BD0C2A209E5100787B89 /* AppDelegate.swift in Sources */ = {isa = PBXBuildFile; fileRef = 6DC0BD0B2A209E5100787B89 /* AppDelegate.swift */; };
		6DC0BD0E2A209E5100787B89 /* SceneDelegate.swift in Sources */ = {isa = PBXBuildFile; fileRef = 6DC0BD0D2A209E5100787B89 /* SceneDelegate.swift */; };
		6DC0BD132A209E5100787B89 /* Main.storyboard in Resources */ = {isa = PBXBuildFile; fileRef = 6DC0BD112A209E5100787B89 /* Main.storyboard */; };
		6DC0BD152A209E5300787B89 /* Assets.xcassets in Resources */ = {isa = PBXBuildFile; fileRef = 6DC0BD142A209E5300787B89 /* Assets.xcassets */; };
		6DC0BD182A209E5300787B89 /* LaunchScreen.storyboard in Resources */ = {isa = PBXBuildFile; fileRef = 6DC0BD162A209E5300787B89 /* LaunchScreen.storyboard */; };
		6DC0BD3D2A20A4DA00787B89 /* SinglePlayerViewController.swift in Sources */ = {isa = PBXBuildFile; fileRef = 6DC0BD3C2A20A4DA00787B89 /* SinglePlayerViewController.swift */; };
		6DC0BD3F2A20A5EC00787B89 /* SinglePlayerViewControllerTests.swift in Sources */ = {isa = PBXBuildFile; fileRef = 6DC0BD3E2A20A5EC00787B89 /* SinglePlayerViewControllerTests.swift */; };
		6DD214932A20D50A00776B22 /* MultiplayerScoreViewController.swift in Sources */ = {isa = PBXBuildFile; fileRef = 6DD214922A20D50A00776B22 /* MultiplayerScoreViewController.swift */; };
		6DD214972A20EF8000776B22 /* MultiplayerScoreViewControllerTests.swift in Sources */ = {isa = PBXBuildFile; fileRef = 6DD214962A20EF8000776B22 /* MultiplayerScoreViewControllerTests.swift */; };
/* End PBXBuildFile section */

/* Begin PBXContainerItemProxy section */
		6DC0BD1F2A209E5300787B89 /* PBXContainerItemProxy */ = {
			isa = PBXContainerItemProxy;
			containerPortal = 6DC0BD002A209E5100787B89 /* Project object */;
			proxyType = 1;
			remoteGlobalIDString = 6DC0BD072A209E5100787B89;
			remoteInfo = StoryboardComposition;
		};
/* End PBXContainerItemProxy section */

/* Begin PBXFileReference section */
		6D2F5AFE2A20F3A900829B16 /* TimeBar.storyboard */ = {isa = PBXFileReference; lastKnownFileType = file.storyboard; path = TimeBar.storyboard; sourceTree = "<group>"; };
		6D2F5B002A20F3DA00829B16 /* TimeBarViewController.swift */ = {isa = PBXFileReference; lastKnownFileType = sourcecode.swift; path = TimeBarViewController.swift; sourceTree = "<group>"; };
		6D2F5B022A20F45000829B16 /* TimedMultiplayerGame.storyboard */ = {isa = PBXFileReference; lastKnownFileType = file.storyboard; path = TimedMultiplayerGame.storyboard; sourceTree = "<group>"; };
		6D2F5B042A20F87000829B16 /* TimedMultiplayerViewControllerTests.swift */ = {isa = PBXFileReference; lastKnownFileType = sourcecode.swift; path = TimedMultiplayerViewControllerTests.swift; sourceTree = "<group>"; };
		6D2F5B062A20F8AC00829B16 /* TimedMultiplayerViewController.swift */ = {isa = PBXFileReference; lastKnownFileType = sourcecode.swift; path = TimedMultiplayerViewController.swift; sourceTree = "<group>"; };
		6D2F5B082A20FA8F00829B16 /* TimeBarViewControllerTests.swift */ = {isa = PBXFileReference; lastKnownFileType = sourcecode.swift; path = TimeBarViewControllerTests.swift; sourceTree = "<group>"; };
		6D2F5B0A2A20FC1D00829B16 /* SinglePlayerViewControllerStoryboardConfigurator.swift */ = {isa = PBXFileReference; lastKnownFileType = sourcecode.swift; path = SinglePlayerViewControllerStoryboardConfigurator.swift; sourceTree = "<group>"; };
		6D4C844D2A20BC3200C84EA3 /* PlayerScoreViewControllerStoryboardTests.swift */ = {isa = PBXFileReference; lastKnownFileType = sourcecode.swift; path = PlayerScoreViewControllerStoryboardTests.swift; sourceTree = "<group>"; };
		6D4C844F2A20D14100C84EA3 /* MultiplayerScore.storyboard */ = {isa = PBXFileReference; lastKnownFileType = file.storyboard; path = MultiplayerScore.storyboard; sourceTree = "<group>"; };
		6D65ADFE2A20AE4700B64D8F /* MultiplayerViewController.swift */ = {isa = PBXFileReference; lastKnownFileType = sourcecode.swift; path = MultiplayerViewController.swift; sourceTree = "<group>"; };
		6D65AE002A20AEB500B64D8F /* MultiplayerViewControllerTests.swift */ = {isa = PBXFileReference; lastKnownFileType = sourcecode.swift; path = MultiplayerViewControllerTests.swift; sourceTree = "<group>"; };
		6D65AE022A20AF0400B64D8F /* MultiplayerGame.storyboard */ = {isa = PBXFileReference; lastKnownFileType = file.storyboard; path = MultiplayerGame.storyboard; sourceTree = "<group>"; };
		6D65AE042A20B1D600B64D8F /* StoryboardComposition.xctestplan */ = {isa = PBXFileReference; lastKnownFileType = text; path = StoryboardComposition.xctestplan; sourceTree = "<group>"; };
		6D65AE052A20B29400B64D8F /* PlayerOne.storyboard */ = {isa = PBXFileReference; lastKnownFileType = file.storyboard; path = PlayerOne.storyboard; sourceTree = "<group>"; };
		6D65AE072A20B35B00B64D8F /* PlayerTwo.storyboard */ = {isa = PBXFileReference; lastKnownFileType = file.storyboard; path = PlayerTwo.storyboard; sourceTree = "<group>"; };
		6D65AE092A20B39200B64D8F /* PlayerScoreViewController.swift */ = {isa = PBXFileReference; lastKnownFileType = sourcecode.swift; path = PlayerScoreViewController.swift; sourceTree = "<group>"; };
		6D65AE0B2A20B47C00B64D8F /* SingleplayerGame.storyboard */ = {isa = PBXFileReference; lastKnownFileType = file.storyboard; path = SingleplayerGame.storyboard; sourceTree = "<group>"; };
		6DC0BD082A209E5100787B89 /* StoryboardComposition.app */ = {isa = PBXFileReference; explicitFileType = wrapper.application; includeInIndex = 0; path = StoryboardComposition.app; sourceTree = BUILT_PRODUCTS_DIR; };
		6DC0BD0B2A209E5100787B89 /* AppDelegate.swift */ = {isa = PBXFileReference; lastKnownFileType = sourcecode.swift; path = AppDelegate.swift; sourceTree = "<group>"; };
		6DC0BD0D2A209E5100787B89 /* SceneDelegate.swift */ = {isa = PBXFileReference; lastKnownFileType = sourcecode.swift; path = SceneDelegate.swift; sourceTree = "<group>"; };
		6DC0BD122A209E5100787B89 /* Base */ = {isa = PBXFileReference; lastKnownFileType = file.storyboard; name = Base; path = Base.lproj/Main.storyboard; sourceTree = "<group>"; };
		6DC0BD142A209E5300787B89 /* Assets.xcassets */ = {isa = PBXFileReference; lastKnownFileType = folder.assetcatalog; path = Assets.xcassets; sourceTree = "<group>"; };
		6DC0BD172A209E5300787B89 /* Base */ = {isa = PBXFileReference; lastKnownFileType = file.storyboard; name = Base; path = Base.lproj/LaunchScreen.storyboard; sourceTree = "<group>"; };
		6DC0BD192A209E5300787B89 /* Info.plist */ = {isa = PBXFileReference; lastKnownFileType = text.plist.xml; path = Info.plist; sourceTree = "<group>"; };
		6DC0BD1E2A209E5300787B89 /* StoryboardCompositionTests.xctest */ = {isa = PBXFileReference; explicitFileType = wrapper.cfbundle; includeInIndex = 0; path = StoryboardCompositionTests.xctest; sourceTree = BUILT_PRODUCTS_DIR; };
		6DC0BD3C2A20A4DA00787B89 /* SinglePlayerViewController.swift */ = {isa = PBXFileReference; lastKnownFileType = sourcecode.swift; path = SinglePlayerViewController.swift; sourceTree = "<group>"; };
		6DC0BD3E2A20A5EC00787B89 /* SinglePlayerViewControllerTests.swift */ = {isa = PBXFileReference; lastKnownFileType = sourcecode.swift; path = SinglePlayerViewControllerTests.swift; sourceTree = "<group>"; };
		6DD214922A20D50A00776B22 /* MultiplayerScoreViewController.swift */ = {isa = PBXFileReference; lastKnownFileType = sourcecode.swift; path = MultiplayerScoreViewController.swift; sourceTree = "<group>"; };
		6DD214962A20EF8000776B22 /* MultiplayerScoreViewControllerTests.swift */ = {isa = PBXFileReference; lastKnownFileType = sourcecode.swift; path = MultiplayerScoreViewControllerTests.swift; sourceTree = "<group>"; };
/* End PBXFileReference section */

/* Begin PBXFrameworksBuildPhase section */
		6DC0BD052A209E5100787B89 /* Frameworks */ = {
			isa = PBXFrameworksBuildPhase;
			buildActionMask = 2147483647;
			files = (
			);
			runOnlyForDeploymentPostprocessing = 0;
		};
		6DC0BD1B2A209E5300787B89 /* Frameworks */ = {
			isa = PBXFrameworksBuildPhase;
			buildActionMask = 2147483647;
			files = (
			);
			runOnlyForDeploymentPostprocessing = 0;
		};
/* End PBXFrameworksBuildPhase section */

/* Begin PBXGroup section */
		6DC0BCFF2A209E5100787B89 = {
			isa = PBXGroup;
			children = (
				6D65AE042A20B1D600B64D8F /* StoryboardComposition.xctestplan */,
				6DC0BD0A2A209E5100787B89 /* StoryboardComposition */,
				6DC0BD212A209E5300787B89 /* StoryboardCompositionTests */,
				6DC0BD092A209E5100787B89 /* Products */,
			);
			sourceTree = "<group>";
		};
		6DC0BD092A209E5100787B89 /* Products */ = {
			isa = PBXGroup;
			children = (
				6DC0BD082A209E5100787B89 /* StoryboardComposition.app */,
				6DC0BD1E2A209E5300787B89 /* StoryboardCompositionTests.xctest */,
			);
			name = Products;
			sourceTree = "<group>";
		};
		6DC0BD0A2A209E5100787B89 /* StoryboardComposition */ = {
			isa = PBXGroup;
			children = (
				6DC0BD0B2A209E5100787B89 /* AppDelegate.swift */,
				6DC0BD0D2A209E5100787B89 /* SceneDelegate.swift */,
				6DC0BD112A209E5100787B89 /* Main.storyboard */,
				6D65AE0B2A20B47C00B64D8F /* SingleplayerGame.storyboard */,
				6D65AE022A20AF0400B64D8F /* MultiplayerGame.storyboard */,
				6D2F5B022A20F45000829B16 /* TimedMultiplayerGame.storyboard */,
				6D65AE052A20B29400B64D8F /* PlayerOne.storyboard */,
				6D65AE072A20B35B00B64D8F /* PlayerTwo.storyboard */,
				6D4C844F2A20D14100C84EA3 /* MultiplayerScore.storyboard */,
				6D2F5AFE2A20F3A900829B16 /* TimeBar.storyboard */,
				6DC0BD3B2A20A0CE00787B89 /* Resources */,
				6DC0BD3C2A20A4DA00787B89 /* SinglePlayerViewController.swift */,
				6D2F5B0A2A20FC1D00829B16 /* SinglePlayerViewControllerStoryboardConfigurator.swift */,
				6D65ADFE2A20AE4700B64D8F /* MultiplayerViewController.swift */,
				6D2F5B062A20F8AC00829B16 /* TimedMultiplayerViewController.swift */,
				6D65AE092A20B39200B64D8F /* PlayerScoreViewController.swift */,
				6DD214922A20D50A00776B22 /* MultiplayerScoreViewController.swift */,
				6D2F5B002A20F3DA00829B16 /* TimeBarViewController.swift */,
			);
			path = StoryboardComposition;
			sourceTree = "<group>";
		};
		6DC0BD212A209E5300787B89 /* StoryboardCompositionTests */ = {
			isa = PBXGroup;
			children = (
				6D4C844D2A20BC3200C84EA3 /* PlayerScoreViewControllerStoryboardTests.swift */,
				6DC0BD3E2A20A5EC00787B89 /* SinglePlayerViewControllerTests.swift */,
				6D65AE002A20AEB500B64D8F /* MultiplayerViewControllerTests.swift */,
				6DD214962A20EF8000776B22 /* MultiplayerScoreViewControllerTests.swift */,
				6D2F5B042A20F87000829B16 /* TimedMultiplayerViewControllerTests.swift */,
				6D2F5B082A20FA8F00829B16 /* TimeBarViewControllerTests.swift */,
			);
			path = StoryboardCompositionTests;
			sourceTree = "<group>";
		};
		6DC0BD3B2A20A0CE00787B89 /* Resources */ = {
			isa = PBXGroup;
			children = (
				6DC0BD142A209E5300787B89 /* Assets.xcassets */,
				6DC0BD162A209E5300787B89 /* LaunchScreen.storyboard */,
				6DC0BD192A209E5300787B89 /* Info.plist */,
			);
			name = Resources;
			sourceTree = "<group>";
		};
/* End PBXGroup section */

/* Begin PBXNativeTarget section */
		6DC0BD072A209E5100787B89 /* StoryboardComposition */ = {
			isa = PBXNativeTarget;
			buildConfigurationList = 6DC0BD322A209E5300787B89 /* Build configuration list for PBXNativeTarget "StoryboardComposition" */;
			buildPhases = (
				6DC0BD042A209E5100787B89 /* Sources */,
				6DC0BD052A209E5100787B89 /* Frameworks */,
				6DC0BD062A209E5100787B89 /* Resources */,
			);
			buildRules = (
			);
			dependencies = (
			);
			name = StoryboardComposition;
			productName = StoryboardComposition;
			productReference = 6DC0BD082A209E5100787B89 /* StoryboardComposition.app */;
			productType = "com.apple.product-type.application";
		};
		6DC0BD1D2A209E5300787B89 /* StoryboardCompositionTests */ = {
			isa = PBXNativeTarget;
			buildConfigurationList = 6DC0BD352A209E5300787B89 /* Build configuration list for PBXNativeTarget "StoryboardCompositionTests" */;
			buildPhases = (
				6DC0BD1A2A209E5300787B89 /* Sources */,
				6DC0BD1B2A209E5300787B89 /* Frameworks */,
				6DC0BD1C2A209E5300787B89 /* Resources */,
			);
			buildRules = (
			);
			dependencies = (
				6DC0BD202A209E5300787B89 /* PBXTargetDependency */,
			);
			name = StoryboardCompositionTests;
			productName = StoryboardCompositionTests;
			productReference = 6DC0BD1E2A209E5300787B89 /* StoryboardCompositionTests.xctest */;
			productType = "com.apple.product-type.bundle.unit-test";
		};
/* End PBXNativeTarget section */

/* Begin PBXProject section */
		6DC0BD002A209E5100787B89 /* Project object */ = {
			isa = PBXProject;
			attributes = {
				BuildIndependentTargetsInParallel = 1;
				LastSwiftUpdateCheck = 1430;
				LastUpgradeCheck = 1430;
				TargetAttributes = {
					6DC0BD072A209E5100787B89 = {
						CreatedOnToolsVersion = 14.3;
					};
					6DC0BD1D2A209E5300787B89 = {
						CreatedOnToolsVersion = 14.3;
						TestTargetID = 6DC0BD072A209E5100787B89;
					};
				};
			};
			buildConfigurationList = 6DC0BD032A209E5100787B89 /* Build configuration list for PBXProject "StoryboardComposition" */;
			compatibilityVersion = "Xcode 14.0";
			developmentRegion = en;
			hasScannedForEncodings = 0;
			knownRegions = (
				en,
				Base,
			);
			mainGroup = 6DC0BCFF2A209E5100787B89;
			productRefGroup = 6DC0BD092A209E5100787B89 /* Products */;
			projectDirPath = "";
			projectRoot = "";
			targets = (
				6DC0BD072A209E5100787B89 /* StoryboardComposition */,
				6DC0BD1D2A209E5300787B89 /* StoryboardCompositionTests */,
			);
		};
/* End PBXProject section */

/* Begin PBXResourcesBuildPhase section */
		6DC0BD062A209E5100787B89 /* Resources */ = {
			isa = PBXResourcesBuildPhase;
			buildActionMask = 2147483647;
			files = (
				6D2F5AFF2A20F3A900829B16 /* TimeBar.storyboard in Resources */,
				6D65AE062A20B29400B64D8F /* PlayerOne.storyboard in Resources */,
				6D65AE0C2A20B47C00B64D8F /* SingleplayerGame.storyboard in Resources */,
				6DC0BD182A209E5300787B89 /* LaunchScreen.storyboard in Resources */,
				6DC0BD152A209E5300787B89 /* Assets.xcassets in Resources */,
				6D2F5B032A20F45000829B16 /* TimedMultiplayerGame.storyboard in Resources */,
				6DC0BD132A209E5100787B89 /* Main.storyboard in Resources */,
				6D65AE082A20B35B00B64D8F /* PlayerTwo.storyboard in Resources */,
				6D4C84502A20D14100C84EA3 /* MultiplayerScore.storyboard in Resources */,
				6D65AE032A20AF0400B64D8F /* MultiplayerGame.storyboard in Resources */,
			);
			runOnlyForDeploymentPostprocessing = 0;
		};
		6DC0BD1C2A209E5300787B89 /* Resources */ = {
			isa = PBXResourcesBuildPhase;
			buildActionMask = 2147483647;
			files = (
			);
			runOnlyForDeploymentPostprocessing = 0;
		};
/* End PBXResourcesBuildPhase section */

/* Begin PBXSourcesBuildPhase section */
		6DC0BD042A209E5100787B89 /* Sources */ = {
			isa = PBXSourcesBuildPhase;
			buildActionMask = 2147483647;
			files = (
				6DC0BD0C2A209E5100787B89 /* AppDelegate.swift in Sources */,
				6D2F5B072A20F8AC00829B16 /* TimedMultiplayerViewController.swift in Sources */,
				6D65ADFF2A20AE4700B64D8F /* MultiplayerViewController.swift in Sources */,
				6D2F5B0B2A20FC1D00829B16 /* SinglePlayerViewControllerStoryboardConfigurator.swift in Sources */,
				6DC0BD3D2A20A4DA00787B89 /* SinglePlayerViewController.swift in Sources */,
				6D65AE0A2A20B39200B64D8F /* PlayerScoreViewController.swift in Sources */,
				6DD214932A20D50A00776B22 /* MultiplayerScoreViewController.swift in Sources */,
				6DC0BD0E2A209E5100787B89 /* SceneDelegate.swift in Sources */,
				6D2F5B012A20F3DA00829B16 /* TimeBarViewController.swift in Sources */,
			);
			runOnlyForDeploymentPostprocessing = 0;
		};
		6DC0BD1A2A209E5300787B89 /* Sources */ = {
			isa = PBXSourcesBuildPhase;
			buildActionMask = 2147483647;
			files = (
				6DC0BD3F2A20A5EC00787B89 /* SinglePlayerViewControllerTests.swift in Sources */,
				6D65AE012A20AEB500B64D8F /* MultiplayerViewControllerTests.swift in Sources */,
				6D4C844E2A20BC3300C84EA3 /* PlayerScoreViewControllerStoryboardTests.swift in Sources */,
				6D2F5B052A20F87000829B16 /* TimedMultiplayerViewControllerTests.swift in Sources */,
				6D2F5B092A20FA8F00829B16 /* TimeBarViewControllerTests.swift in Sources */,
				6DD214972A20EF8000776B22 /* MultiplayerScoreViewControllerTests.swift in Sources */,
			);
			runOnlyForDeploymentPostprocessing = 0;
		};
/* End PBXSourcesBuildPhase section */

/* Begin PBXTargetDependency section */
		6DC0BD202A209E5300787B89 /* PBXTargetDependency */ = {
			isa = PBXTargetDependency;
			target = 6DC0BD072A209E5100787B89 /* StoryboardComposition */;
			targetProxy = 6DC0BD1F2A209E5300787B89 /* PBXContainerItemProxy */;
		};
/* End PBXTargetDependency section */

/* Begin PBXVariantGroup section */
		6DC0BD112A209E5100787B89 /* Main.storyboard */ = {
			isa = PBXVariantGroup;
			children = (
				6DC0BD122A209E5100787B89 /* Base */,
			);
			name = Main.storyboard;
			sourceTree = "<group>";
		};
		6DC0BD162A209E5300787B89 /* LaunchScreen.storyboard */ = {
			isa = PBXVariantGroup;
			children = (
				6DC0BD172A209E5300787B89 /* Base */,
			);
			name = LaunchScreen.storyboard;
			sourceTree = "<group>";
		};
/* End PBXVariantGroup section */

/* Begin XCBuildConfiguration section */
		6DC0BD302A209E5300787B89 /* Debug */ = {
			isa = XCBuildConfiguration;
			buildSettings = {
				ALWAYS_SEARCH_USER_PATHS = NO;
				CLANG_ANALYZER_NONNULL = YES;
				CLANG_ANALYZER_NUMBER_OBJECT_CONVERSION = YES_AGGRESSIVE;
				CLANG_CXX_LANGUAGE_STANDARD = "gnu++20";
				CLANG_ENABLE_MODULES = YES;
				CLANG_ENABLE_OBJC_ARC = YES;
				CLANG_ENABLE_OBJC_WEAK = YES;
				CLANG_WARN_BLOCK_CAPTURE_AUTORELEASING = YES;
				CLANG_WARN_BOOL_CONVERSION = YES;
				CLANG_WARN_COMMA = YES;
				CLANG_WARN_CONSTANT_CONVERSION = YES;
				CLANG_WARN_DEPRECATED_OBJC_IMPLEMENTATIONS = YES;
				CLANG_WARN_DIRECT_OBJC_ISA_USAGE = YES_ERROR;
				CLANG_WARN_DOCUMENTATION_COMMENTS = YES;
				CLANG_WARN_EMPTY_BODY = YES;
				CLANG_WARN_ENUM_CONVERSION = YES;
				CLANG_WARN_INFINITE_RECURSION = YES;
				CLANG_WARN_INT_CONVERSION = YES;
				CLANG_WARN_NON_LITERAL_NULL_CONVERSION = YES;
				CLANG_WARN_OBJC_IMPLICIT_RETAIN_SELF = YES;
				CLANG_WARN_OBJC_LITERAL_CONVERSION = YES;
				CLANG_WARN_OBJC_ROOT_CLASS = YES_ERROR;
				CLANG_WARN_QUOTED_INCLUDE_IN_FRAMEWORK_HEADER = YES;
				CLANG_WARN_RANGE_LOOP_ANALYSIS = YES;
				CLANG_WARN_STRICT_PROTOTYPES = YES;
				CLANG_WARN_SUSPICIOUS_MOVE = YES;
				CLANG_WARN_UNGUARDED_AVAILABILITY = YES_AGGRESSIVE;
				CLANG_WARN_UNREACHABLE_CODE = YES;
				CLANG_WARN__DUPLICATE_METHOD_MATCH = YES;
				COPY_PHASE_STRIP = NO;
				DEBUG_INFORMATION_FORMAT = dwarf;
				ENABLE_STRICT_OBJC_MSGSEND = YES;
				ENABLE_TESTABILITY = YES;
				GCC_C_LANGUAGE_STANDARD = gnu11;
				GCC_DYNAMIC_NO_PIC = NO;
				GCC_NO_COMMON_BLOCKS = YES;
				GCC_OPTIMIZATION_LEVEL = 0;
				GCC_PREPROCESSOR_DEFINITIONS = (
					"DEBUG=1",
					"$(inherited)",
				);
				GCC_WARN_64_TO_32_BIT_CONVERSION = YES;
				GCC_WARN_ABOUT_RETURN_TYPE = YES_ERROR;
				GCC_WARN_UNDECLARED_SELECTOR = YES;
				GCC_WARN_UNINITIALIZED_AUTOS = YES_AGGRESSIVE;
				GCC_WARN_UNUSED_FUNCTION = YES;
				GCC_WARN_UNUSED_VARIABLE = YES;
				IPHONEOS_DEPLOYMENT_TARGET = 16.4;
				MTL_ENABLE_DEBUG_INFO = INCLUDE_SOURCE;
				MTL_FAST_MATH = YES;
				ONLY_ACTIVE_ARCH = YES;
				SDKROOT = iphoneos;
				SWIFT_ACTIVE_COMPILATION_CONDITIONS = DEBUG;
				SWIFT_OPTIMIZATION_LEVEL = "-Onone";
			};
			name = Debug;
		};
		6DC0BD312A209E5300787B89 /* Release */ = {
			isa = XCBuildConfiguration;
			buildSettings = {
				ALWAYS_SEARCH_USER_PATHS = NO;
				CLANG_ANALYZER_NONNULL = YES;
				CLANG_ANALYZER_NUMBER_OBJECT_CONVERSION = YES_AGGRESSIVE;
				CLANG_CXX_LANGUAGE_STANDARD = "gnu++20";
				CLANG_ENABLE_MODULES = YES;
				CLANG_ENABLE_OBJC_ARC = YES;
				CLANG_ENABLE_OBJC_WEAK = YES;
				CLANG_WARN_BLOCK_CAPTURE_AUTORELEASING = YES;
				CLANG_WARN_BOOL_CONVERSION = YES;
				CLANG_WARN_COMMA = YES;
				CLANG_WARN_CONSTANT_CONVERSION = YES;
				CLANG_WARN_DEPRECATED_OBJC_IMPLEMENTATIONS = YES;
				CLANG_WARN_DIRECT_OBJC_ISA_USAGE = YES_ERROR;
				CLANG_WARN_DOCUMENTATION_COMMENTS = YES;
				CLANG_WARN_EMPTY_BODY = YES;
				CLANG_WARN_ENUM_CONVERSION = YES;
				CLANG_WARN_INFINITE_RECURSION = YES;
				CLANG_WARN_INT_CONVERSION = YES;
				CLANG_WARN_NON_LITERAL_NULL_CONVERSION = YES;
				CLANG_WARN_OBJC_IMPLICIT_RETAIN_SELF = YES;
				CLANG_WARN_OBJC_LITERAL_CONVERSION = YES;
				CLANG_WARN_OBJC_ROOT_CLASS = YES_ERROR;
				CLANG_WARN_QUOTED_INCLUDE_IN_FRAMEWORK_HEADER = YES;
				CLANG_WARN_RANGE_LOOP_ANALYSIS = YES;
				CLANG_WARN_STRICT_PROTOTYPES = YES;
				CLANG_WARN_SUSPICIOUS_MOVE = YES;
				CLANG_WARN_UNGUARDED_AVAILABILITY = YES_AGGRESSIVE;
				CLANG_WARN_UNREACHABLE_CODE = YES;
				CLANG_WARN__DUPLICATE_METHOD_MATCH = YES;
				COPY_PHASE_STRIP = NO;
				DEBUG_INFORMATION_FORMAT = "dwarf-with-dsym";
				ENABLE_NS_ASSERTIONS = NO;
				ENABLE_STRICT_OBJC_MSGSEND = YES;
				GCC_C_LANGUAGE_STANDARD = gnu11;
				GCC_NO_COMMON_BLOCKS = YES;
				GCC_WARN_64_TO_32_BIT_CONVERSION = YES;
				GCC_WARN_ABOUT_RETURN_TYPE = YES_ERROR;
				GCC_WARN_UNDECLARED_SELECTOR = YES;
				GCC_WARN_UNINITIALIZED_AUTOS = YES_AGGRESSIVE;
				GCC_WARN_UNUSED_FUNCTION = YES;
				GCC_WARN_UNUSED_VARIABLE = YES;
				IPHONEOS_DEPLOYMENT_TARGET = 16.4;
				MTL_ENABLE_DEBUG_INFO = NO;
				MTL_FAST_MATH = YES;
				SDKROOT = iphoneos;
				SWIFT_COMPILATION_MODE = wholemodule;
				SWIFT_OPTIMIZATION_LEVEL = "-O";
				VALIDATE_PRODUCT = YES;
			};
			name = Release;
		};
		6DC0BD332A209E5300787B89 /* Debug */ = {
			isa = XCBuildConfiguration;
			buildSettings = {
				ASSETCATALOG_COMPILER_APPICON_NAME = AppIcon;
				ASSETCATALOG_COMPILER_GLOBAL_ACCENT_COLOR_NAME = AccentColor;
				CODE_SIGN_STYLE = Automatic;
				CURRENT_PROJECT_VERSION = 1;
				DEVELOPMENT_TEAM = T6G7397HUK;
				GENERATE_INFOPLIST_FILE = YES;
				INFOPLIST_FILE = StoryboardComposition/Info.plist;
				INFOPLIST_KEY_UIApplicationSupportsIndirectInputEvents = YES;
				INFOPLIST_KEY_UILaunchStoryboardName = LaunchScreen;
				INFOPLIST_KEY_UIMainStoryboardFile = Main;
				INFOPLIST_KEY_UISupportedInterfaceOrientations_iPad = "UIInterfaceOrientationPortrait UIInterfaceOrientationPortraitUpsideDown UIInterfaceOrientationLandscapeLeft UIInterfaceOrientationLandscapeRight";
				INFOPLIST_KEY_UISupportedInterfaceOrientations_iPhone = "UIInterfaceOrientationPortrait UIInterfaceOrientationLandscapeLeft UIInterfaceOrientationLandscapeRight";
				LD_RUNPATH_SEARCH_PATHS = (
					"$(inherited)",
					"@executable_path/Frameworks",
				);
				MARKETING_VERSION = 1.0;
				PRODUCT_BUNDLE_IDENTIFIER = com.gmail.thethunderwrath.StoryboardComposition;
				PRODUCT_NAME = "$(TARGET_NAME)";
				SWIFT_EMIT_LOC_STRINGS = YES;
				SWIFT_VERSION = 5.0;
				TARGETED_DEVICE_FAMILY = "1,2";
			};
			name = Debug;
		};
		6DC0BD342A209E5300787B89 /* Release */ = {
			isa = XCBuildConfiguration;
			buildSettings = {
				ASSETCATALOG_COMPILER_APPICON_NAME = AppIcon;
				ASSETCATALOG_COMPILER_GLOBAL_ACCENT_COLOR_NAME = AccentColor;
				CODE_SIGN_STYLE = Automatic;
				CURRENT_PROJECT_VERSION = 1;
				DEVELOPMENT_TEAM = T6G7397HUK;
				GENERATE_INFOPLIST_FILE = YES;
				INFOPLIST_FILE = StoryboardComposition/Info.plist;
				INFOPLIST_KEY_UIApplicationSupportsIndirectInputEvents = YES;
				INFOPLIST_KEY_UILaunchStoryboardName = LaunchScreen;
				INFOPLIST_KEY_UIMainStoryboardFile = Main;
				INFOPLIST_KEY_UISupportedInterfaceOrientations_iPad = "UIInterfaceOrientationPortrait UIInterfaceOrientationPortraitUpsideDown UIInterfaceOrientationLandscapeLeft UIInterfaceOrientationLandscapeRight";
				INFOPLIST_KEY_UISupportedInterfaceOrientations_iPhone = "UIInterfaceOrientationPortrait UIInterfaceOrientationLandscapeLeft UIInterfaceOrientationLandscapeRight";
				LD_RUNPATH_SEARCH_PATHS = (
					"$(inherited)",
					"@executable_path/Frameworks",
				);
				MARKETING_VERSION = 1.0;
				PRODUCT_BUNDLE_IDENTIFIER = com.gmail.thethunderwrath.StoryboardComposition;
				PRODUCT_NAME = "$(TARGET_NAME)";
				SWIFT_EMIT_LOC_STRINGS = YES;
				SWIFT_VERSION = 5.0;
				TARGETED_DEVICE_FAMILY = "1,2";
			};
			name = Release;
		};
		6DC0BD362A209E5300787B89 /* Debug */ = {
			isa = XCBuildConfiguration;
			buildSettings = {
				ALWAYS_EMBED_SWIFT_STANDARD_LIBRARIES = YES;
				BUNDLE_LOADER = "$(TEST_HOST)";
				CODE_SIGN_STYLE = Automatic;
				CURRENT_PROJECT_VERSION = 1;
				DEVELOPMENT_TEAM = T6G7397HUK;
				GENERATE_INFOPLIST_FILE = YES;
				IPHONEOS_DEPLOYMENT_TARGET = 16.4;
				MARKETING_VERSION = 1.0;
				PRODUCT_BUNDLE_IDENTIFIER = com.gmail.thethunderwrath.StoryboardCompositionTests;
				PRODUCT_NAME = "$(TARGET_NAME)";
				SWIFT_EMIT_LOC_STRINGS = NO;
				SWIFT_VERSION = 5.0;
				TARGETED_DEVICE_FAMILY = "1,2";
				TEST_HOST = "$(BUILT_PRODUCTS_DIR)/StoryboardComposition.app/$(BUNDLE_EXECUTABLE_FOLDER_PATH)/StoryboardComposition";
			};
			name = Debug;
		};
		6DC0BD372A209E5300787B89 /* Release */ = {
			isa = XCBuildConfiguration;
			buildSettings = {
				ALWAYS_EMBED_SWIFT_STANDARD_LIBRARIES = YES;
				BUNDLE_LOADER = "$(TEST_HOST)";
				CODE_SIGN_STYLE = Automatic;
				CURRENT_PROJECT_VERSION = 1;
				DEVELOPMENT_TEAM = T6G7397HUK;
				GENERATE_INFOPLIST_FILE = YES;
				IPHONEOS_DEPLOYMENT_TARGET = 16.4;
				MARKETING_VERSION = 1.0;
				PRODUCT_BUNDLE_IDENTIFIER = com.gmail.thethunderwrath.StoryboardCompositionTests;
				PRODUCT_NAME = "$(TARGET_NAME)";
				SWIFT_EMIT_LOC_STRINGS = NO;
				SWIFT_VERSION = 5.0;
				TARGETED_DEVICE_FAMILY = "1,2";
				TEST_HOST = "$(BUILT_PRODUCTS_DIR)/StoryboardComposition.app/$(BUNDLE_EXECUTABLE_FOLDER_PATH)/StoryboardComposition";
			};
			name = Release;
		};
/* End XCBuildConfiguration section */

/* Begin XCConfigurationList section */
		6DC0BD032A209E5100787B89 /* Build configuration list for PBXProject "StoryboardComposition" */ = {
			isa = XCConfigurationList;
			buildConfigurations = (
				6DC0BD302A209E5300787B89 /* Debug */,
				6DC0BD312A209E5300787B89 /* Release */,
			);
			defaultConfigurationIsVisible = 0;
			defaultConfigurationName = Release;
		};
		6DC0BD322A209E5300787B89 /* Build configuration list for PBXNativeTarget "StoryboardComposition" */ = {
			isa = XCConfigurationList;
			buildConfigurations = (
				6DC0BD332A209E5300787B89 /* Debug */,
				6DC0BD342A209E5300787B89 /* Release */,
			);
			defaultConfigurationIsVisible = 0;
			defaultConfigurationName = Release;
		};
		6DC0BD352A209E5300787B89 /* Build configuration list for PBXNativeTarget "StoryboardCompositionTests" */ = {
			isa = XCConfigurationList;
			buildConfigurations = (
				6DC0BD362A209E5300787B89 /* Debug */,
				6DC0BD372A209E5300787B89 /* Release */,
			);
			defaultConfigurationIsVisible = 0;
			defaultConfigurationName = Release;
		};
/* End XCConfigurationList section */
	};
	rootObject = 6DC0BD002A209E5100787B89 /* Project object */;
}
